version = 1
requires-python = ">=3.13"

[[package]]
name = "cffi"
version = "1.17.1"
source = { registry = "https://pypi.org/simple" }
dependencies = [
    { name = "pycparser" },
]
sdist = { url = "https://files.pythonhosted.org/packages/fc/97/c783634659c2920c3fc70419e3af40972dbaf758daa229a7d6ea6135c90d/cffi-1.17.1.tar.gz", hash = "sha256:1c39c6016c32bc48dd54561950ebd6836e1670f2ae46128f67cf49e789c52824", size = 516621 }
wheels = [
    { url = "https://files.pythonhosted.org/packages/8d/f8/dd6c246b148639254dad4d6803eb6a54e8c85c6e11ec9df2cffa87571dbe/cffi-1.17.1-cp313-cp313-macosx_10_13_x86_64.whl", hash = "sha256:f3a2b4222ce6b60e2e8b337bb9596923045681d71e5a082783484d845390938e", size = 182989 },
    { url = "https://files.pythonhosted.org/packages/8b/f1/672d303ddf17c24fc83afd712316fda78dc6fce1cd53011b839483e1ecc8/cffi-1.17.1-cp313-cp313-macosx_11_0_arm64.whl", hash = "sha256:0984a4925a435b1da406122d4d7968dd861c1385afe3b45ba82b750f229811e2", size = 178802 },
    { url = "https://files.pythonhosted.org/packages/0e/2d/eab2e858a91fdff70533cab61dcff4a1f55ec60425832ddfdc9cd36bc8af/cffi-1.17.1-cp313-cp313-manylinux_2_12_i686.manylinux2010_i686.manylinux_2_17_i686.manylinux2014_i686.whl", hash = "sha256:d01b12eeeb4427d3110de311e1774046ad344f5b1a7403101878976ecd7a10f3", size = 454792 },
    { url = "https://files.pythonhosted.org/packages/75/b2/fbaec7c4455c604e29388d55599b99ebcc250a60050610fadde58932b7ee/cffi-1.17.1-cp313-cp313-manylinux_2_17_aarch64.manylinux2014_aarch64.whl", hash = "sha256:706510fe141c86a69c8ddc029c7910003a17353970cff3b904ff0686a5927683", size = 478893 },
    { url = "https://files.pythonhosted.org/packages/4f/b7/6e4a2162178bf1935c336d4da8a9352cccab4d3a5d7914065490f08c0690/cffi-1.17.1-cp313-cp313-manylinux_2_17_ppc64le.manylinux2014_ppc64le.whl", hash = "sha256:de55b766c7aa2e2a3092c51e0483d700341182f08e67c63630d5b6f200bb28e5", size = 485810 },
    { url = "https://files.pythonhosted.org/packages/c7/8a/1d0e4a9c26e54746dc08c2c6c037889124d4f59dffd853a659fa545f1b40/cffi-1.17.1-cp313-cp313-manylinux_2_17_s390x.manylinux2014_s390x.whl", hash = "sha256:c59d6e989d07460165cc5ad3c61f9fd8f1b4796eacbd81cee78957842b834af4", size = 471200 },
    { url = "https://files.pythonhosted.org/packages/26/9f/1aab65a6c0db35f43c4d1b4f580e8df53914310afc10ae0397d29d697af4/cffi-1.17.1-cp313-cp313-manylinux_2_17_x86_64.manylinux2014_x86_64.whl", hash = "sha256:dd398dbc6773384a17fe0d3e7eeb8d1a21c2200473ee6806bb5e6a8e62bb73dd", size = 479447 },
    { url = "https://files.pythonhosted.org/packages/5f/e4/fb8b3dd8dc0e98edf1135ff067ae070bb32ef9d509d6cb0f538cd6f7483f/cffi-1.17.1-cp313-cp313-musllinux_1_1_aarch64.whl", hash = "sha256:3edc8d958eb099c634dace3c7e16560ae474aa3803a5df240542b305d14e14ed", size = 484358 },
    { url = "https://files.pythonhosted.org/packages/f1/47/d7145bf2dc04684935d57d67dff9d6d795b2ba2796806bb109864be3a151/cffi-1.17.1-cp313-cp313-musllinux_1_1_x86_64.whl", hash = "sha256:72e72408cad3d5419375fc87d289076ee319835bdfa2caad331e377589aebba9", size = 488469 },
    { url = "https://files.pythonhosted.org/packages/bf/ee/f94057fa6426481d663b88637a9a10e859e492c73d0384514a17d78ee205/cffi-1.17.1-cp313-cp313-win32.whl", hash = "sha256:e03eab0a8677fa80d646b5ddece1cbeaf556c313dcfac435ba11f107ba117b5d", size = 172475 },
    { url = "https://files.pythonhosted.org/packages/7c/fc/6a8cb64e5f0324877d503c854da15d76c1e50eb722e320b15345c4d0c6de/cffi-1.17.1-cp313-cp313-win_amd64.whl", hash = "sha256:f6a16c31041f09ead72d69f583767292f750d24913dadacf5756b966aacb3f1a", size = 182009 },
]

[[package]]
name = "cryptography"
version = "44.0.0"
source = { registry = "https://pypi.org/simple" }
dependencies = [
    { name = "cffi", marker = "platform_python_implementation != 'PyPy'" },
]
sdist = { url = "https://files.pythonhosted.org/packages/91/4c/45dfa6829acffa344e3967d6006ee4ae8be57af746ae2eba1c431949b32c/cryptography-44.0.0.tar.gz", hash = "sha256:cd4e834f340b4293430701e772ec543b0fbe6c2dea510a5286fe0acabe153a02", size = 710657 }
wheels = [
    { url = "https://files.pythonhosted.org/packages/55/09/8cc67f9b84730ad330b3b72cf867150744bf07ff113cda21a15a1c6d2c7c/cryptography-44.0.0-cp37-abi3-macosx_10_9_universal2.whl", hash = "sha256:84111ad4ff3f6253820e6d3e58be2cc2a00adb29335d4cacb5ab4d4d34f2a123", size = 6541833 },
    { url = "https://files.pythonhosted.org/packages/7e/5b/3759e30a103144e29632e7cb72aec28cedc79e514b2ea8896bb17163c19b/cryptography-44.0.0-cp37-abi3-manylinux_2_17_aarch64.manylinux2014_aarch64.whl", hash = "sha256:b15492a11f9e1b62ba9d73c210e2416724633167de94607ec6069ef724fad092", size = 3922710 },
    { url = "https://files.pythonhosted.org/packages/5f/58/3b14bf39f1a0cfd679e753e8647ada56cddbf5acebffe7db90e184c76168/cryptography-44.0.0-cp37-abi3-manylinux_2_17_x86_64.manylinux2014_x86_64.whl", hash = "sha256:831c3c4d0774e488fdc83a1923b49b9957d33287de923d58ebd3cec47a0ae43f", size = 4137546 },
    { url = "https://files.pythonhosted.org/packages/98/65/13d9e76ca19b0ba5603d71ac8424b5694415b348e719db277b5edc985ff5/cryptography-44.0.0-cp37-abi3-manylinux_2_28_aarch64.whl", hash = "sha256:761817a3377ef15ac23cd7834715081791d4ec77f9297ee694ca1ee9c2c7e5eb", size = 3915420 },
    { url = "https://files.pythonhosted.org/packages/b1/07/40fe09ce96b91fc9276a9ad272832ead0fddedcba87f1190372af8e3039c/cryptography-44.0.0-cp37-abi3-manylinux_2_28_x86_64.whl", hash = "sha256:3c672a53c0fb4725a29c303be906d3c1fa99c32f58abe008a82705f9ee96f40b", size = 4154498 },
    { url = "https://files.pythonhosted.org/packages/75/ea/af65619c800ec0a7e4034207aec543acdf248d9bffba0533342d1bd435e1/cryptography-44.0.0-cp37-abi3-manylinux_2_34_aarch64.whl", hash = "sha256:4ac4c9f37eba52cb6fbeaf5b59c152ea976726b865bd4cf87883a7e7006cc543", size = 3932569 },
    { url = "https://files.pythonhosted.org/packages/c7/af/d1deb0c04d59612e3d5e54203159e284d3e7a6921e565bb0eeb6269bdd8a/cryptography-44.0.0-cp37-abi3-musllinux_1_2_aarch64.whl", hash = "sha256:ed3534eb1090483c96178fcb0f8893719d96d5274dfde98aa6add34614e97c8e", size = 4016721 },
    { url = "https://files.pythonhosted.org/packages/bd/69/7ca326c55698d0688db867795134bdfac87136b80ef373aaa42b225d6dd5/cryptography-44.0.0-cp37-abi3-musllinux_1_2_x86_64.whl", hash = "sha256:f3f6fdfa89ee2d9d496e2c087cebef9d4fcbb0ad63c40e821b39f74bf48d9c5e", size = 4240915 },
    { url = "https://files.pythonhosted.org/packages/ef/d4/cae11bf68c0f981e0413906c6dd03ae7fa864347ed5fac40021df1ef467c/cryptography-44.0.0-cp37-abi3-win32.whl", hash = "sha256:eb33480f1bad5b78233b0ad3e1b0be21e8ef1da745d8d2aecbb20671658b9053", size = 2757925 },
    { url = "https://files.pythonhosted.org/packages/64/b1/50d7739254d2002acae64eed4fc43b24ac0cc44bf0a0d388d1ca06ec5bb1/cryptography-44.0.0-cp37-abi3-win_amd64.whl", hash = "sha256:abc998e0c0eee3c8a1904221d3f67dcfa76422b23620173e28c11d3e626c21bd", size = 3202055 },
    { url = "https://files.pythonhosted.org/packages/11/18/61e52a3d28fc1514a43b0ac291177acd1b4de00e9301aaf7ef867076ff8a/cryptography-44.0.0-cp39-abi3-macosx_10_9_universal2.whl", hash = "sha256:660cb7312a08bc38be15b696462fa7cc7cd85c3ed9c576e81f4dc4d8b2b31591", size = 6542801 },
    { url = "https://files.pythonhosted.org/packages/1a/07/5f165b6c65696ef75601b781a280fc3b33f1e0cd6aa5a92d9fb96c410e97/cryptography-44.0.0-cp39-abi3-manylinux_2_17_aarch64.manylinux2014_aarch64.whl", hash = "sha256:1923cb251c04be85eec9fda837661c67c1049063305d6be5721643c22dd4e2b7", size = 3922613 },
    { url = "https://files.pythonhosted.org/packages/28/34/6b3ac1d80fc174812486561cf25194338151780f27e438526f9c64e16869/cryptography-44.0.0-cp39-abi3-manylinux_2_17_x86_64.manylinux2014_x86_64.whl", hash = "sha256:404fdc66ee5f83a1388be54300ae978b2efd538018de18556dde92575e05defc", size = 4137925 },
    { url = "https://files.pythonhosted.org/packages/d0/c7/c656eb08fd22255d21bc3129625ed9cd5ee305f33752ef2278711b3fa98b/cryptography-44.0.0-cp39-abi3-manylinux_2_28_aarch64.whl", hash = "sha256:c5eb858beed7835e5ad1faba59e865109f3e52b3783b9ac21e7e47dc5554e289", size = 3915417 },
    { url = "https://files.pythonhosted.org/packages/ef/82/72403624f197af0db6bac4e58153bc9ac0e6020e57234115db9596eee85d/cryptography-44.0.0-cp39-abi3-manylinux_2_28_x86_64.whl", hash = "sha256:f53c2c87e0fb4b0c00fa9571082a057e37690a8f12233306161c8f4b819960b7", size = 4155160 },
    { url = "https://files.pythonhosted.org/packages/a2/cd/2f3c440913d4329ade49b146d74f2e9766422e1732613f57097fea61f344/cryptography-44.0.0-cp39-abi3-manylinux_2_34_aarch64.whl", hash = "sha256:9e6fc8a08e116fb7c7dd1f040074c9d7b51d74a8ea40d4df2fc7aa08b76b9e6c", size = 3932331 },
    { url = "https://files.pythonhosted.org/packages/7f/df/8be88797f0a1cca6e255189a57bb49237402b1880d6e8721690c5603ac23/cryptography-44.0.0-cp39-abi3-musllinux_1_2_aarch64.whl", hash = "sha256:d2436114e46b36d00f8b72ff57e598978b37399d2786fd39793c36c6d5cb1c64", size = 4017372 },
    { url = "https://files.pythonhosted.org/packages/af/36/5ccc376f025a834e72b8e52e18746b927f34e4520487098e283a719c205e/cryptography-44.0.0-cp39-abi3-musllinux_1_2_x86_64.whl", hash = "sha256:a01956ddfa0a6790d594f5b34fc1bfa6098aca434696a03cfdbe469b8ed79285", size = 4239657 },
    { url = "https://files.pythonhosted.org/packages/46/b0/f4f7d0d0bcfbc8dd6296c1449be326d04217c57afb8b2594f017eed95533/cryptography-44.0.0-cp39-abi3-win32.whl", hash = "sha256:eca27345e1214d1b9f9490d200f9db5a874479be914199194e746c893788d417", size = 2758672 },
    { url = "https://files.pythonhosted.org/packages/97/9b/443270b9210f13f6ef240eff73fd32e02d381e7103969dc66ce8e89ee901/cryptography-44.0.0-cp39-abi3-win_amd64.whl", hash = "sha256:708ee5f1bafe76d041b53a4f95eb28cdeb8d18da17e597d46d7833ee59b97ede", size = 3202071 },
]

[[package]]
name = "prompt-toolkit"
version = "3.0.50"
source = { registry = "https://pypi.org/simple" }
dependencies = [
    { name = "wcwidth" },
]
sdist = { url = "https://files.pythonhosted.org/packages/a1/e1/bd15cb8ffdcfeeb2bdc215de3c3cffca11408d829e4b8416dcfe71ba8854/prompt_toolkit-3.0.50.tar.gz", hash = "sha256:544748f3860a2623ca5cd6d2795e7a14f3d0e1c3c9728359013f79877fc89bab", size = 429087 }
wheels = [
    { url = "https://files.pythonhosted.org/packages/e4/ea/d836f008d33151c7a1f62caf3d8dd782e4d15f6a43897f64480c2b8de2ad/prompt_toolkit-3.0.50-py3-none-any.whl", hash = "sha256:9b6427eb19e479d98acff65196a307c555eb567989e6d88ebbb1b509d9779198", size = 387816 },
]

[[package]]
name = "pycparser"
version = "2.22"
source = { registry = "https://pypi.org/simple" }
sdist = { url = "https://files.pythonhosted.org/packages/1d/b2/31537cf4b1ca988837256c910a668b553fceb8f069bedc4b1c826024b52c/pycparser-2.22.tar.gz", hash = "sha256:491c8be9c040f5390f5bf44a5b07752bd07f56edf992381b05c701439eec10f6", size = 172736 }
wheels = [
    { url = "https://files.pythonhosted.org/packages/13/a3/a812df4e2dd5696d1f351d58b8fe16a405b234ad2886a0dab9183fb78109/pycparser-2.22-py3-none-any.whl", hash = "sha256:c3702b6d3dd8c7abc1afa565d7e63d53a1d0bd86cdc24edd75470f4de499cfcc", size = 117552 },
]

[[package]]
name = "pysocks"
version = "1.7.1"
source = { registry = "https://pypi.org/simple" }
sdist = { url = "https://files.pythonhosted.org/packages/bd/11/293dd436aea955d45fc4e8a35b6ae7270f5b8e00b53cf6c024c83b657a11/PySocks-1.7.1.tar.gz", hash = "sha256:3f8804571ebe159c380ac6de37643bb4685970655d3bba243530d6558b799aa0", size = 284429 }
wheels = [
    { url = "https://files.pythonhosted.org/packages/8d/59/b4572118e098ac8e46e399a1dd0f2d85403ce8bbaad9ec79373ed6badaf9/PySocks-1.7.1-py3-none-any.whl", hash = "sha256:2725bd0a9925919b9b51739eea5f9e2bae91e83288108a9ad338b2e3a4435ee5", size = 16725 },
]

[[package]]
name = "tchat"
version = "0.1.0"
source = { virtual = "." }
dependencies = [
    { name = "cryptography" },
    { name = "prompt-toolkit" },
    { name = "pysocks" },
]

[package.metadata]
requires-dist = [
    { name = "cryptography", specifier = ">=44.0.0" },
    { name = "prompt-toolkit", specifier = ">=1.0.0" },
    { name = "pysocks", specifier = ">=1.7.1" },
]

[[package]]
name = "wcwidth"
version = "0.2.13"
source = { registry = "https://pypi.org/simple" }
sdist = { url = "https://files.pythonhosted.org/packages/6c/63/53559446a878410fc5a5974feb13d31d78d752eb18aeba59c7fef1af7598/wcwidth-0.2.13.tar.gz", hash = "sha256:72ea0c06399eb286d978fdedb6923a9eb47e1c486ce63e9b4e64fc18303972b5", size = 101301 }
wheels = [
    { url = "https://files.pythonhosted.org/packages/fd/84/fd2ba7aafacbad3c4201d395674fc6348826569da3c0937e75505ead3528/wcwidth-0.2.13-py2.py3-none-any.whl", hash = "sha256:3da69048e4540d84af32131829ff948f1e022c1c6bdb8d6102117aac784f6859", size = 34166 },
]
